// !$*UTF8*$!
{
	archiveVersion = 1;
	classes = {
	};
	objectVersion = 56;
	objects = {

/* Begin PBXBuildFile section */
		525D47A92A34AFE700DD7C89 /* AppDelegate.swift in Sources */ = {isa = PBXBuildFile; fileRef = 525D47A82A34AFE700DD7C89 /* AppDelegate.swift */; };
		525D47AB2A34AFE700DD7C89 /* SceneDelegate.swift in Sources */ = {isa = PBXBuildFile; fileRef = 525D47AA2A34AFE700DD7C89 /* SceneDelegate.swift */; };
		525D47AD2A34AFE700DD7C89 /* ViewController.swift in Sources */ = {isa = PBXBuildFile; fileRef = 525D47AC2A34AFE700DD7C89 /* ViewController.swift */; };
		525D47B02A34AFE700DD7C89 /* Main.storyboard in Resources */ = {isa = PBXBuildFile; fileRef = 525D47AE2A34AFE700DD7C89 /* Main.storyboard */; };
		525D47B22A34AFE900DD7C89 /* Assets.xcassets in Resources */ = {isa = PBXBuildFile; fileRef = 525D47B12A34AFE900DD7C89 /* Assets.xcassets */; };
		525D47B52A34AFE900DD7C89 /* LaunchScreen.storyboard in Resources */ = {isa = PBXBuildFile; fileRef = 525D47B32A34AFE900DD7C89 /* LaunchScreen.storyboard */; };
		525D47C02A34BFD300DD7C89 /* MyAlbumsCell.swift in Sources */ = {isa = PBXBuildFile; fileRef = 525D47BF2A34BFD300DD7C89 /* MyAlbumsCell.swift */; };
		525D47C22A36043700DD7C89 /* PeopleAndPlacesCell.swift in Sources */ = {isa = PBXBuildFile; fileRef = 525D47C12A36043700DD7C89 /* PeopleAndPlacesCell.swift */; };
		525D47C42A36116600DD7C89 /* CollectionViewModel.swift in Sources */ = {isa = PBXBuildFile; fileRef = 525D47C32A36116600DD7C89 /* CollectionViewModel.swift */; };
		525D47C82A3612AD00DD7C89 /* MyAlbumsCollectionCell.swift in Sources */ = {isa = PBXBuildFile; fileRef = 525D47C72A3612AD00DD7C89 /* MyAlbumsCollectionCell.swift */; };
		525D47CA2A36255600DD7C89 /* PeopleAndPlacesCollectionCell.swift in Sources */ = {isa = PBXBuildFile; fileRef = 525D47C92A36255600DD7C89 /* PeopleAndPlacesCollectionCell.swift */; };
		525D47CC2A36274400DD7C89 /* MapCollectionCell.swift in Sources */ = {isa = PBXBuildFile; fileRef = 525D47CB2A36274400DD7C89 /* MapCollectionCell.swift */; };
/* End PBXBuildFile section */

/* Begin PBXFileReference section */
		525D47A52A34AFE700DD7C89 /* AlbumApp_HW14.app */ = {isa = PBXFileReference; explicitFileType = wrapper.application; includeInIndex = 0; path = AlbumApp_HW14.app; sourceTree = BUILT_PRODUCTS_DIR; };
		525D47A82A34AFE700DD7C89 /* AppDelegate.swift */ = {isa = PBXFileReference; lastKnownFileType = sourcecode.swift; path = AppDelegate.swift; sourceTree = "<group>"; };
		525D47AA2A34AFE700DD7C89 /* SceneDelegate.swift */ = {isa = PBXFileReference; lastKnownFileType = sourcecode.swift; path = SceneDelegate.swift; sourceTree = "<group>"; };
		525D47AC2A34AFE700DD7C89 /* ViewController.swift */ = {isa = PBXFileReference; lastKnownFileType = sourcecode.swift; path = ViewController.swift; sourceTree = "<group>"; };
		525D47AF2A34AFE700DD7C89 /* Base */ = {isa = PBXFileReference; lastKnownFileType = file.storyboard; name = Base; path = Base.lproj/Main.storyboard; sourceTree = "<group>"; };
		525D47B12A34AFE900DD7C89 /* Assets.xcassets */ = {isa = PBXFileReference; lastKnownFileType = folder.assetcatalog; path = Assets.xcassets; sourceTree = "<group>"; };
		525D47B42A34AFE900DD7C89 /* Base */ = {isa = PBXFileReference; lastKnownFileType = file.storyboard; name = Base; path = Base.lproj/LaunchScreen.storyboard; sourceTree = "<group>"; };
		525D47B62A34AFE900DD7C89 /* Info.plist */ = {isa = PBXFileReference; lastKnownFileType = text.plist.xml; path = Info.plist; sourceTree = "<group>"; };
		525D47BF2A34BFD300DD7C89 /* MyAlbumsCell.swift */ = {isa = PBXFileReference; lastKnownFileType = sourcecode.swift; path = MyAlbumsCell.swift; sourceTree = "<group>"; };
		525D47C12A36043700DD7C89 /* PeopleAndPlacesCell.swift */ = {isa = PBXFileReference; lastKnownFileType = sourcecode.swift; path = PeopleAndPlacesCell.swift; sourceTree = "<group>"; };
		525D47C32A36116600DD7C89 /* CollectionViewModel.swift */ = {isa = PBXFileReference; lastKnownFileType = sourcecode.swift; path = CollectionViewModel.swift; sourceTree = "<group>"; };
		525D47C72A3612AD00DD7C89 /* MyAlbumsCollectionCell.swift */ = {isa = PBXFileReference; lastKnownFileType = sourcecode.swift; path = MyAlbumsCollectionCell.swift; sourceTree = "<group>"; };
		525D47C92A36255600DD7C89 /* PeopleAndPlacesCollectionCell.swift */ = {isa = PBXFileReference; lastKnownFileType = sourcecode.swift; path = PeopleAndPlacesCollectionCell.swift; sourceTree = "<group>"; };
		525D47CB2A36274400DD7C89 /* MapCollectionCell.swift */ = {isa = PBXFileReference; lastKnownFileType = sourcecode.swift; path = MapCollectionCell.swift; sourceTree = "<group>"; };
/* End PBXFileReference section */

/* Begin PBXFrameworksBuildPhase section */
		525D47A22A34AFE700DD7C89 /* Frameworks */ = {
			isa = PBXFrameworksBuildPhase;
			buildActionMask = 2147483647;
			files = (
			);
			runOnlyForDeploymentPostprocessing = 0;
		};
/* End PBXFrameworksBuildPhase section */

/* Begin PBXGroup section */
		525D479C2A34AFE700DD7C89 = {
			isa = PBXGroup;
			children = (
				525D47A72A34AFE700DD7C89 /* AlbumApp_HW14 */,
				525D47A62A34AFE700DD7C89 /* Products */,
			);
			sourceTree = "<group>";
		};
		525D47A62A34AFE700DD7C89 /* Products */ = {
			isa = PBXGroup;
			children = (
				525D47A52A34AFE700DD7C89 /* AlbumApp_HW14.app */,
			);
			name = Products;
			sourceTree = "<group>";
		};
		525D47A72A34AFE700DD7C89 /* AlbumApp_HW14 */ = {
			isa = PBXGroup;
			children = (
				525D47BE2A34BEE800DD7C89 /* Controller */,
				525D47BD2A34BEDD00DD7C89 /* View */,
				525D47BC2A34BED700DD7C89 /* Model */,
				525D47A82A34AFE700DD7C89 /* AppDelegate.swift */,
				525D47AA2A34AFE700DD7C89 /* SceneDelegate.swift */,
				525D47AE2A34AFE700DD7C89 /* Main.storyboard */,
				525D47B12A34AFE900DD7C89 /* Assets.xcassets */,
				525D47B32A34AFE900DD7C89 /* LaunchScreen.storyboard */,
				525D47B62A34AFE900DD7C89 /* Info.plist */,
			);
			path = AlbumApp_HW14;
			sourceTree = "<group>";
		};
		525D47BC2A34BED700DD7C89 /* Model */ = {
			isa = PBXGroup;
			children = (
				525D47C32A36116600DD7C89 /* CollectionViewModel.swift */,
			);
			path = Model;
			sourceTree = "<group>";
		};
		525D47BD2A34BEDD00DD7C89 /* View */ = {
			isa = PBXGroup;
			children = (
				525D47C62A36128700DD7C89 /* TableView */,
				525D47C52A36127C00DD7C89 /* CollectionView */,
			);
			path = View;
			sourceTree = "<group>";
		};
		525D47BE2A34BEE800DD7C89 /* Controller */ = {
			isa = PBXGroup;
			children = (
				525D47AC2A34AFE700DD7C89 /* ViewController.swift */,
			);
			path = Controller;
			sourceTree = "<group>";
		};
		525D47C52A36127C00DD7C89 /* CollectionView */ = {
			isa = PBXGroup;
			children = (
				525D47C72A3612AD00DD7C89 /* MyAlbumsCollectionCell.swift */,
				525D47C92A36255600DD7C89 /* PeopleAndPlacesCollectionCell.swift */,
				525D47CB2A36274400DD7C89 /* MapCollectionCell.swift */,
			);
			path = CollectionView;
			sourceTree = "<group>";
		};
		525D47C62A36128700DD7C89 /* TableView */ = {
			isa = PBXGroup;
			children = (
				525D47BF2A34BFD300DD7C89 /* MyAlbumsCell.swift */,
				525D47C12A36043700DD7C89 /* PeopleAndPlacesCell.swift */,
			);
			path = TableView;
			sourceTree = "<group>";
		};
/* End PBXGroup section */

/* Begin PBXNativeTarget section */
		525D47A42A34AFE700DD7C89 /* AlbumApp_HW14 */ = {
			isa = PBXNativeTarget;
			buildConfigurationList = 525D47B92A34AFE900DD7C89 /* Build configuration list for PBXNativeTarget "AlbumApp_HW14" */;
			buildPhases = (
				525D47A12A34AFE700DD7C89 /* Sources */,
				525D47A22A34AFE700DD7C89 /* Frameworks */,
				525D47A32A34AFE700DD7C89 /* Resources */,
			);
			buildRules = (
			);
			dependencies = (
			);
			name = AlbumApp_HW14;
			productName = AlbumApp_HW14;
			productReference = 525D47A52A34AFE700DD7C89 /* AlbumApp_HW14.app */;
			productType = "com.apple.product-type.application";
		};
/* End PBXNativeTarget section */

/* Begin PBXProject section */
		525D479D2A34AFE700DD7C89 /* Project object */ = {
			isa = PBXProject;
			attributes = {
				BuildIndependentTargetsInParallel = 1;
				LastSwiftUpdateCheck = 1430;
				LastUpgradeCheck = 1430;
				TargetAttributes = {
					525D47A42A34AFE700DD7C89 = {
						CreatedOnToolsVersion = 14.3.1;
					};
				};
			};
			buildConfigurationList = 525D47A02A34AFE700DD7C89 /* Build configuration list for PBXProject "AlbumApp_HW14" */;
			compatibilityVersion = "Xcode 14.0";
			developmentRegion = en;
			hasScannedForEncodings = 0;
			knownRegions = (
				en,
				Base,
			);
			mainGroup = 525D479C2A34AFE700DD7C89;
			productRefGroup = 525D47A62A34AFE700DD7C89 /* Products */;
			projectDirPath = "";
			projectRoot = "";
			targets = (
				525D47A42A34AFE700DD7C89 /* AlbumApp_HW14 */,
			);
		};
/* End PBXProject section */

/* Begin PBXResourcesBuildPhase section */
		525D47A32A34AFE700DD7C89 /* Resources */ = {
			isa = PBXResourcesBuildPhase;
			buildActionMask = 2147483647;
			files = (
				525D47B52A34AFE900DD7C89 /* LaunchScreen.storyboard in Resources */,
				525D47B22A34AFE900DD7C89 /* Assets.xcassets in Resources */,
				525D47B02A34AFE700DD7C89 /* Main.storyboard in Resources */,
			);
			runOnlyForDeploymentPostprocessing = 0;
		};
/* End PBXResourcesBuildPhase section */

/* Begin PBXSourcesBuildPhase section */
		525D47A12A34AFE700DD7C89 /* Sources */ = {
			isa = PBXSourcesBuildPhase;
			buildActionMask = 2147483647;
			files = (
				525D47CC2A36274400DD7C89 /* MapCollectionCell.swift in Sources */,
				525D47C42A36116600DD7C89 /* CollectionViewModel.swift in Sources */,
				525D47AD2A34AFE700DD7C89 /* ViewController.swift in Sources */,
				525D47CA2A36255600DD7C89 /* PeopleAndPlacesCollectionCell.swift in Sources */,
				525D47C22A36043700DD7C89 /* PeopleAndPlacesCell.swift in Sources */,
				525D47C82A3612AD00DD7C89 /* MyAlbumsCollectionCell.swift in Sources */,
				525D47A92A34AFE700DD7C89 /* AppDelegate.swift in Sources */,
				525D47AB2A34AFE700DD7C89 /* SceneDelegate.swift in Sources */,
				525D47C02A34BFD300DD7C89 /* MyAlbumsCell.swift in Sources */,
			);
			runOnlyForDeploymentPostprocessing = 0;
		};
/* End PBXSourcesBuildPhase section */

/* Begin PBXVariantGroup section */
		525D47AE2A34AFE700DD7C89 /* Main.storyboard */ = {
			isa = PBXVariantGroup;
			children = (
				525D47AF2A34AFE700DD7C89 /* Base */,
			);
			name = Main.storyboard;
			sourceTree = "<group>";
		};
		525D47B32A34AFE900DD7C89 /* LaunchScreen.storyboard */ = {
			isa = PBXVariantGroup;
			children = (
				525D47B42A34AFE900DD7C89 /* Base */,
			);
			name = LaunchScreen.storyboard;
			sourceTree = "<group>";
		};
/* End PBXVariantGroup section */

/* Begin XCBuildConfiguration section */
		525D47B72A34AFE900DD7C89 /* Debug */ = {
			isa = XCBuildConfiguration;
			buildSettings = {
				ALWAYS_SEARCH_USER_PATHS = NO;
				CLANG_ANALYZER_NONNULL = YES;
				CLANG_ANALYZER_NUMBER_OBJECT_CONVERSION = YES_AGGRESSIVE;
				CLANG_CXX_LANGUAGE_STANDARD = "gnu++20";
				CLANG_ENABLE_MODULES = YES;
				CLANG_ENABLE_OBJC_ARC = YES;
				CLANG_ENABLE_OBJC_WEAK = YES;
				CLANG_WARN_BLOCK_CAPTURE_AUTORELEASING = YES;
				CLANG_WARN_BOOL_CONVERSION = YES;
				CLANG_WARN_COMMA = YES;
				CLANG_WARN_CONSTANT_CONVERSION = YES;
				CLANG_WARN_DEPRECATED_OBJC_IMPLEMENTATIONS = YES;
				CLANG_WARN_DIRECT_OBJC_ISA_USAGE = YES_ERROR;
				CLANG_WARN_DOCUMENTATION_COMMENTS = YES;
				CLANG_WARN_EMPTY_BODY = YES;
				CLANG_WARN_ENUM_CONVERSION = YES;
				CLANG_WARN_INFINITE_RECURSION = YES;
				CLANG_WARN_INT_CONVERSION = YES;
				CLANG_WARN_NON_LITERAL_NULL_CONVERSION = YES;
				CLANG_WARN_OBJC_IMPLICIT_RETAIN_SELF = YES;
				CLANG_WARN_OBJC_LITERAL_CONVERSION = YES;
				CLANG_WARN_OBJC_ROOT_CLASS = YES_ERROR;
				CLANG_WARN_QUOTED_INCLUDE_IN_FRAMEWORK_HEADER = YES;
				CLANG_WARN_RANGE_LOOP_ANALYSIS = YES;
				CLANG_WARN_STRICT_PROTOTYPES = YES;
				CLANG_WARN_SUSPICIOUS_MOVE = YES;
				CLANG_WARN_UNGUARDED_AVAILABILITY = YES_AGGRESSIVE;
				CLANG_WARN_UNREACHABLE_CODE = YES;
				CLANG_WARN__DUPLICATE_METHOD_MATCH = YES;
				COPY_PHASE_STRIP = NO;
				DEBUG_INFORMATION_FORMAT = dwarf;
				ENABLE_STRICT_OBJC_MSGSEND = YES;
				ENABLE_TESTABILITY = YES;
				GCC_C_LANGUAGE_STANDARD = gnu11;
				GCC_DYNAMIC_NO_PIC = NO;
				GCC_NO_COMMON_BLOCKS = YES;
				GCC_OPTIMIZATION_LEVEL = 0;
				GCC_PREPROCESSOR_DEFINITIONS = (
					"DEBUG=1",
					"$(inherited)",
				);
				GCC_WARN_64_TO_32_BIT_CONVERSION = YES;
				GCC_WARN_ABOUT_RETURN_TYPE = YES_ERROR;
				GCC_WARN_UNDECLARED_SELECTOR = YES;
				GCC_WARN_UNINITIALIZED_AUTOS = YES_AGGRESSIVE;
				GCC_WARN_UNUSED_FUNCTION = YES;
				GCC_WARN_UNUSED_VARIABLE = YES;
				IPHONEOS_DEPLOYMENT_TARGET = 16.4;
				MTL_ENABLE_DEBUG_INFO = INCLUDE_SOURCE;
				MTL_FAST_MATH = YES;
				ONLY_ACTIVE_ARCH = YES;
				SDKROOT = iphoneos;
				SWIFT_ACTIVE_COMPILATION_CONDITIONS = DEBUG;
				SWIFT_OPTIMIZATION_LEVEL = "-Onone";
			};
			name = Debug;
		};
		525D47B82A34AFE900DD7C89 /* Release */ = {
			isa = XCBuildConfiguration;
			buildSettings = {
				ALWAYS_SEARCH_USER_PATHS = NO;
				CLANG_ANALYZER_NONNULL = YES;
				CLANG_ANALYZER_NUMBER_OBJECT_CONVERSION = YES_AGGRESSIVE;
				CLANG_CXX_LANGUAGE_STANDARD = "gnu++20";
				CLANG_ENABLE_MODULES = YES;
				CLANG_ENABLE_OBJC_ARC = YES;
				CLANG_ENABLE_OBJC_WEAK = YES;
				CLANG_WARN_BLOCK_CAPTURE_AUTORELEASING = YES;
				CLANG_WARN_BOOL_CONVERSION = YES;
				CLANG_WARN_COMMA = YES;
				CLANG_WARN_CONSTANT_CONVERSION = YES;
				CLANG_WARN_DEPRECATED_OBJC_IMPLEMENTATIONS = YES;
				CLANG_WARN_DIRECT_OBJC_ISA_USAGE = YES_ERROR;
				CLANG_WARN_DOCUMENTATION_COMMENTS = YES;
				CLANG_WARN_EMPTY_BODY = YES;
				CLANG_WARN_ENUM_CONVERSION = YES;
				CLANG_WARN_INFINITE_RECURSION = YES;
				CLANG_WARN_INT_CONVERSION = YES;
				CLANG_WARN_NON_LITERAL_NULL_CONVERSION = YES;
				CLANG_WARN_OBJC_IMPLICIT_RETAIN_SELF = YES;
				CLANG_WARN_OBJC_LITERAL_CONVERSION = YES;
				CLANG_WARN_OBJC_ROOT_CLASS = YES_ERROR;
				CLANG_WARN_QUOTED_INCLUDE_IN_FRAMEWORK_HEADER = YES;
				CLANG_WARN_RANGE_LOOP_ANALYSIS = YES;
				CLANG_WARN_STRICT_PROTOTYPES = YES;
				CLANG_WARN_SUSPICIOUS_MOVE = YES;
				CLANG_WARN_UNGUARDED_AVAILABILITY = YES_AGGRESSIVE;
				CLANG_WARN_UNREACHABLE_CODE = YES;
				CLANG_WARN__DUPLICATE_METHOD_MATCH = YES;
				COPY_PHASE_STRIP = NO;
				DEBUG_INFORMATION_FORMAT = "dwarf-with-dsym";
				ENABLE_NS_ASSERTIONS = NO;
				ENABLE_STRICT_OBJC_MSGSEND = YES;
				GCC_C_LANGUAGE_STANDARD = gnu11;
				GCC_NO_COMMON_BLOCKS = YES;
				GCC_WARN_64_TO_32_BIT_CONVERSION = YES;
				GCC_WARN_ABOUT_RETURN_TYPE = YES_ERROR;
				GCC_WARN_UNDECLARED_SELECTOR = YES;
				GCC_WARN_UNINITIALIZED_AUTOS = YES_AGGRESSIVE;
				GCC_WARN_UNUSED_FUNCTION = YES;
				GCC_WARN_UNUSED_VARIABLE = YES;
				IPHONEOS_DEPLOYMENT_TARGET = 16.4;
				MTL_ENABLE_DEBUG_INFO = NO;
				MTL_FAST_MATH = YES;
				SDKROOT = iphoneos;
				SWIFT_COMPILATION_MODE = wholemodule;
				SWIFT_OPTIMIZATION_LEVEL = "-O";
				VALIDATE_PRODUCT = YES;
			};
			name = Release;
		};
		525D47BA2A34AFE900DD7C89 /* Debug */ = {
			isa = XCBuildConfiguration;
			buildSettings = {
				ASSETCATALOG_COMPILER_APPICON_NAME = AppIcon;
				ASSETCATALOG_COMPILER_GLOBAL_ACCENT_COLOR_NAME = AccentColor;
				CODE_SIGN_STYLE = Automatic;
				CURRENT_PROJECT_VERSION = 1;
				DEVELOPMENT_TEAM = 39BB2P92UD;
				GENERATE_INFOPLIST_FILE = YES;
				INFOPLIST_FILE = AlbumApp_HW14/Info.plist;
				INFOPLIST_KEY_UIApplicationSupportsIndirectInputEvents = YES;
				INFOPLIST_KEY_UILaunchStoryboardName = LaunchScreen;
				INFOPLIST_KEY_UIMainStoryboardFile = Main;
				INFOPLIST_KEY_UISupportedInterfaceOrientations_iPad = "UIInterfaceOrientationPortrait UIInterfaceOrientationPortraitUpsideDown UIInterfaceOrientationLandscapeLeft UIInterfaceOrientationLandscapeRight";
				INFOPLIST_KEY_UISupportedInterfaceOrientations_iPhone = "UIInterfaceOrientationPortrait UIInterfaceOrientationLandscapeLeft UIInterfaceOrientationLandscapeRight";
				LD_RUNPATH_SEARCH_PATHS = (
					"$(inherited)",
					"@executable_path/Frameworks",
				);
				MARKETING_VERSION = 1.0;
				PRODUCT_BUNDLE_IDENTIFIER = "com.my.AlbumApp-HW14";
				PRODUCT_NAME = "$(TARGET_NAME)";
				SWIFT_EMIT_LOC_STRINGS = YES;
				SWIFT_VERSION = 5.0;
				TARGETED_DEVICE_FAMILY = "1,2";
			};
			name = Debug;
		};
		525D47BB2A34AFE900DD7C89 /* Release */ = {
			isa = XCBuildConfiguration;
			buildSettings = {
				ASSETCATALOG_COMPILER_APPICON_NAME = AppIcon;
				ASSETCATALOG_COMPILER_GLOBAL_ACCENT_COLOR_NAME = AccentColor;
				CODE_SIGN_STYLE = Automatic;
				CURRENT_PROJECT_VERSION = 1;
				DEVELOPMENT_TEAM = 39BB2P92UD;
				GENERATE_INFOPLIST_FILE = YES;
				INFOPLIST_FILE = AlbumApp_HW14/Info.plist;
				INFOPLIST_KEY_UIApplicationSupportsIndirectInputEvents = YES;
				INFOPLIST_KEY_UILaunchStoryboardName = LaunchScreen;
				INFOPLIST_KEY_UIMainStoryboardFile = Main;
				INFOPLIST_KEY_UISupportedInterfaceOrientations_iPad = "UIInterfaceOrientationPortrait UIInterfaceOrientationPortraitUpsideDown UIInterfaceOrientationLandscapeLeft UIInterfaceOrientationLandscapeRight";
				INFOPLIST_KEY_UISupportedInterfaceOrientations_iPhone = "UIInterfaceOrientationPortrait UIInterfaceOrientationLandscapeLeft UIInterfaceOrientationLandscapeRight";
				LD_RUNPATH_SEARCH_PATHS = (
					"$(inherited)",
					"@executable_path/Frameworks",
				);
				MARKETING_VERSION = 1.0;
				PRODUCT_BUNDLE_IDENTIFIER = "com.my.AlbumApp-HW14";
				PRODUCT_NAME = "$(TARGET_NAME)";
				SWIFT_EMIT_LOC_STRINGS = YES;
				SWIFT_VERSION = 5.0;
				TARGETED_DEVICE_FAMILY = "1,2";
			};
			name = Release;
		};
/* End XCBuildConfiguration section */

/* Begin XCConfigurationList section */
		525D47A02A34AFE700DD7C89 /* Build configuration list for PBXProject "AlbumApp_HW14" */ = {
			isa = XCConfigurationList;
			buildConfigurations = (
				525D47B72A34AFE900DD7C89 /* Debug */,
				525D47B82A34AFE900DD7C89 /* Release */,
			);
			defaultConfigurationIsVisible = 0;
			defaultConfigurationName = Release;
		};
		525D47B92A34AFE900DD7C89 /* Build configuration list for PBXNativeTarget "AlbumApp_HW14" */ = {
			isa = XCConfigurationList;
			buildConfigurations = (
				525D47BA2A34AFE900DD7C89 /* Debug */,
				525D47BB2A34AFE900DD7C89 /* Release */,
			);
			defaultConfigurationIsVisible = 0;
			defaultConfigurationName = Release;
		};
/* End XCConfigurationList section */
	};
	rootObject = 525D479D2A34AFE700DD7C89 /* Project object */;
}
